# generated by rye
# use `rye lock` or `rye sync` to update this lockfile
#
# last locked with the following flags:
#   pre: false
#   features: []
#   all-features: false
#   with-sources: false
#   generate-hashes: false
#   universal: false

annotated-types==0.7.0
    # via pydantic
asgiref==3.8.1
    # via django
    # via django-ninja-extra
beautifulsoup4==4.12.3
certifi==2024.8.30
    # via requests
cffi==1.17.1
    # via cryptography
charset-normalizer==3.3.2
    # via requests
contextlib2==21.6.0
    # via django-ninja-extra
crispy-bulma==0.11.0
cryptography==43.0.1
    # via pyjwt
django==5.1.1
    # via crispy-bulma
    # via django-crispy-forms
    # via django-ninja
    # via django-ninja-extra
    # via django-ninja-jwt
django-crispy-forms==2.3
    # via crispy-bulma
django-ninja==1.3.0
    # via django-ninja-extra
django-ninja-extra==0.21.4
    # via django-ninja-jwt
django-ninja-jwt==5.3.3
idna==3.8
    # via requests
injector==0.22.0
    # via django-ninja-extra
pycparser==2.22
    # via cffi
pydantic==2.9.0
    # via django-ninja
pydantic-core==2.23.2
    # via pydantic
pyjwt==2.9.0
    # via django-ninja-jwt
requests==2.32.3
soupsieve==2.6
    # via beautifulsoup4
sqlparse==0.5.1
    # via django
typing-extensions==4.12.2
    # via pydantic
    # via pydantic-core
tzdata==2024.1
    # via pydantic
urllib3==2.2.2
    # via requests
validators==0.34.0
